dependencies:
- name: postgresql
  repository: https://charts.bitnami.com/bitnami
  version: 12.1.5
- name: redis
  repository: https://charts.bitnami.com/bitnami
  version: 17.8.3
digest: sha256:5e26a6c53e1cfaf542fac2308c07b57120e6baadeec9603437e19f93eb9d55ae
generated: "2025-09-13T22:04:24.2757388+05:30"
