dependencies:
- name: postgresql
  repository: https://charts.bitnami.com/bitnami
  version: 16.7.27
- name: redis
  repository: https://charts.bitnami.com/bitnami
  version: 22.0.7
digest: sha256:1505e0103b7ff5169aa7b6b23b626bde5d4e40e96e50c3a3768f7fb46dc374e3
generated: "2025-09-25T21:36:43.0286034+05:30"
