dependencies:
- name: postgresql
  repository: https://charts.bitnami.com/bitnami
  version: 16.7.24
- name: redis
  repository: https://charts.bitnami.com/bitnami
  version: 22.0.5
digest: sha256:c88a66376ed3897a5ffe267a0bd4c325f7dca8821e26a3b3f1bcfc58e0e3c6ed
generated: "2025-09-25T22:13:44.9568341+05:30"
